// !$*UTF8*$!
{
	archiveVersion = 1;
	classes = {
	};
	objectVersion = 55;
	objects = {

/* Begin PBXBuildFile section */
		B25ACF4D271C21C500A79E89 /* Coordinator.swift in Sources */ = {isa = PBXBuildFile; fileRef = B25ACF4C271C21C500A79E89 /* Coordinator.swift */; };
		B25ACF4F271C21FB00A79E89 /* MainCoordinator.swift in Sources */ = {isa = PBXBuildFile; fileRef = B25ACF4E271C21FB00A79E89 /* MainCoordinator.swift */; };
		B25ACF51271C233B00A79E89 /* StoryboardName.swift in Sources */ = {isa = PBXBuildFile; fileRef = B25ACF50271C233B00A79E89 /* StoryboardName.swift */; };
		B25ACF53271C252200A79E89 /* Api.swift in Sources */ = {isa = PBXBuildFile; fileRef = B25ACF52271C252200A79E89 /* Api.swift */; };
		B25ACF59271C25A000A79E89 /* AlamofireRequestExtensions.swift in Sources */ = {isa = PBXBuildFile; fileRef = B25ACF58271C25A000A79E89 /* AlamofireRequestExtensions.swift */; };
		B25ACF5B271C25BD00A79E89 /* Requestable.swift in Sources */ = {isa = PBXBuildFile; fileRef = B25ACF5A271C25BD00A79E89 /* Requestable.swift */; };
		B25ACF5D271C25E900A79E89 /* RequestParamters.swift in Sources */ = {isa = PBXBuildFile; fileRef = B25ACF5C271C25E900A79E89 /* RequestParamters.swift */; };
		B25ACF5F271C260D00A79E89 /* ServiceManager.swift in Sources */ = {isa = PBXBuildFile; fileRef = B25ACF5E271C260D00A79E89 /* ServiceManager.swift */; };
		B27B36A7271ECB6C00F6C009 /* Font.swift in Sources */ = {isa = PBXBuildFile; fileRef = B27B36A6271ECB6C00F6C009 /* Font.swift */; };
		B27B36AF271EDCE800F6C009 /* AlertView.swift in Sources */ = {isa = PBXBuildFile; fileRef = B27B36AD271EDCE800F6C009 /* AlertView.swift */; };
		B27B36B0271EDCE800F6C009 /* AlertView.xib in Resources */ = {isa = PBXBuildFile; fileRef = B27B36AE271EDCE800F6C009 /* AlertView.xib */; };
		B27B36B2271EDE2200F6C009 /* UIView+EX.swift in Sources */ = {isa = PBXBuildFile; fileRef = B27B36B1271EDE2200F6C009 /* UIView+EX.swift */; };
		B27F7587271C286A00C9BFD3 /* Colors.swift in Sources */ = {isa = PBXBuildFile; fileRef = B27F7586271C286A00C9BFD3 /* Colors.swift */; };
		B27F7589271C2F8900C9BFD3 /* DesignSystem.swift in Sources */ = {isa = PBXBuildFile; fileRef = B27F7588271C2F8900C9BFD3 /* DesignSystem.swift */; };
		B27F758C271C346700C9BFD3 /* TableView+EX.swift in Sources */ = {isa = PBXBuildFile; fileRef = B27F758B271C346700C9BFD3 /* TableView+EX.swift */; };
		B27F7590271C34B500C9BFD3 /* HomeTableCell.swift in Sources */ = {isa = PBXBuildFile; fileRef = B27F758E271C34B500C9BFD3 /* HomeTableCell.swift */; };
		B27F7591271C34B500C9BFD3 /* HomeTableCell.xib in Resources */ = {isa = PBXBuildFile; fileRef = B27F758F271C34B500C9BFD3 /* HomeTableCell.xib */; };
		B27F7593271C5ACD00C9BFD3 /* LocationTracker.swift in Sources */ = {isa = PBXBuildFile; fileRef = B27F7592271C5ACD00C9BFD3 /* LocationTracker.swift */; };
		B27F7595271C5B5D00C9BFD3 /* UIApplication+EX.swift in Sources */ = {isa = PBXBuildFile; fileRef = B27F7594271C5B5D00C9BFD3 /* UIApplication+EX.swift */; };
		B27F7597271C5B9700C9BFD3 /* UIViewController+EX.swift in Sources */ = {isa = PBXBuildFile; fileRef = B27F7596271C5B9700C9BFD3 /* UIViewController+EX.swift */; };
		B27F7599271C5D9600C9BFD3 /* HomeViewModel.swift in Sources */ = {isa = PBXBuildFile; fileRef = B27F7598271C5D9600C9BFD3 /* HomeViewModel.swift */; };
		B27F759C271C5DD600C9BFD3 /* HomeApi.swift in Sources */ = {isa = PBXBuildFile; fileRef = B27F759B271C5DD600C9BFD3 /* HomeApi.swift */; };
		B27F759E271C5ED200C9BFD3 /* NearLocationsResponse.swift.swift in Sources */ = {isa = PBXBuildFile; fileRef = B27F759D271C5ED200C9BFD3 /* NearLocationsResponse.swift.swift */; };
		B27F75A0271C60FC00C9BFD3 /* HomeCellViewModel.swift in Sources */ = {isa = PBXBuildFile; fileRef = B27F759F271C60FC00C9BFD3 /* HomeCellViewModel.swift */; };
		B290016A272008EC0054EB26 /* Keys.swift in Sources */ = {isa = PBXBuildFile; fileRef = B2900169272008EC0054EB26 /* Keys.swift */; };
		B290016C2720332C0054EB26 /* AppUpdateStatus.swift.swift in Sources */ = {isa = PBXBuildFile; fileRef = B290016B2720332C0054EB26 /* AppUpdateStatus.swift.swift */; };
		B2BBB35F271B4A8D001F1681 /* AppDelegate.swift in Sources */ = {isa = PBXBuildFile; fileRef = B2BBB35E271B4A8D001F1681 /* AppDelegate.swift */; };
		B2BBB366271B4A8D001F1681 /* Main.storyboard in Resources */ = {isa = PBXBuildFile; fileRef = B2BBB364271B4A8D001F1681 /* Main.storyboard */; };
		B2BBB368271B4A90001F1681 /* Assets.xcassets in Resources */ = {isa = PBXBuildFile; fileRef = B2BBB367271B4A90001F1681 /* Assets.xcassets */; };
		B2BBB36B271B4A90001F1681 /* LaunchScreen.storyboard in Resources */ = {isa = PBXBuildFile; fileRef = B2BBB369271B4A90001F1681 /* LaunchScreen.storyboard */; };
		B2BBB37D271B4C26001F1681 /* HomeViewController.swift in Sources */ = {isa = PBXBuildFile; fileRef = B2BBB37C271B4C26001F1681 /* HomeViewController.swift */; };
		B2C0B536271D749F001DF837 /* LoadingIndicator.swift in Sources */ = {isa = PBXBuildFile; fileRef = B2C0B535271D749F001DF837 /* LoadingIndicator.swift */; };
		B2C0B538271DAC18001DF837 /* UIImageView+EX.swift.swift in Sources */ = {isa = PBXBuildFile; fileRef = B2C0B537271DAC18001DF837 /* UIImageView+EX.swift.swift */; };
		B2C0B53A271DB7F2001DF837 /* PhotosResponse.swift in Sources */ = {isa = PBXBuildFile; fileRef = B2C0B539271DB7F2001DF837 /* PhotosResponse.swift */; };
		EE5E63E6D681777BBAE57EA1 /* Pods_NearByPlacesApp.framework in Frameworks */ = {isa = PBXBuildFile; fileRef = C80B35EB64CE3936BB7A61C4 /* Pods_NearByPlacesApp.framework */; };
/* End PBXBuildFile section */

/* Begin PBXFileReference section */
		1C703517A34FA6E1F7701A86 /* Pods-NearByPlacesApp.debug.xcconfig */ = {isa = PBXFileReference; includeInIndex = 1; lastKnownFileType = text.xcconfig; name = "Pods-NearByPlacesApp.debug.xcconfig"; path = "Target Support Files/Pods-NearByPlacesApp/Pods-NearByPlacesApp.debug.xcconfig"; sourceTree = "<group>"; };
		B25ACF4C271C21C500A79E89 /* Coordinator.swift */ = {isa = PBXFileReference; lastKnownFileType = sourcecode.swift; path = Coordinator.swift; sourceTree = "<group>"; };
		B25ACF4E271C21FB00A79E89 /* MainCoordinator.swift */ = {isa = PBXFileReference; lastKnownFileType = sourcecode.swift; path = MainCoordinator.swift; sourceTree = "<group>"; };
		B25ACF50271C233B00A79E89 /* StoryboardName.swift */ = {isa = PBXFileReference; lastKnownFileType = sourcecode.swift; path = StoryboardName.swift; sourceTree = "<group>"; };
		B25ACF52271C252200A79E89 /* Api.swift */ = {isa = PBXFileReference; lastKnownFileType = sourcecode.swift; path = Api.swift; sourceTree = "<group>"; };
		B25ACF58271C25A000A79E89 /* AlamofireRequestExtensions.swift */ = {isa = PBXFileReference; lastKnownFileType = sourcecode.swift; path = AlamofireRequestExtensions.swift; sourceTree = "<group>"; };
		B25ACF5A271C25BD00A79E89 /* Requestable.swift */ = {isa = PBXFileReference; lastKnownFileType = sourcecode.swift; path = Requestable.swift; sourceTree = "<group>"; };
		B25ACF5C271C25E900A79E89 /* RequestParamters.swift */ = {isa = PBXFileReference; lastKnownFileType = sourcecode.swift; path = RequestParamters.swift; sourceTree = "<group>"; };
		B25ACF5E271C260D00A79E89 /* ServiceManager.swift */ = {isa = PBXFileReference; lastKnownFileType = sourcecode.swift; path = ServiceManager.swift; sourceTree = "<group>"; };
		B27B36A6271ECB6C00F6C009 /* Font.swift */ = {isa = PBXFileReference; lastKnownFileType = sourcecode.swift; path = Font.swift; sourceTree = "<group>"; };
		B27B36AD271EDCE800F6C009 /* AlertView.swift */ = {isa = PBXFileReference; fileEncoding = 4; lastKnownFileType = sourcecode.swift; path = AlertView.swift; sourceTree = "<group>"; };
		B27B36AE271EDCE800F6C009 /* AlertView.xib */ = {isa = PBXFileReference; fileEncoding = 4; lastKnownFileType = file.xib; path = AlertView.xib; sourceTree = "<group>"; };
		B27B36B1271EDE2200F6C009 /* UIView+EX.swift */ = {isa = PBXFileReference; lastKnownFileType = sourcecode.swift; path = "UIView+EX.swift"; sourceTree = "<group>"; };
		B27F7586271C286A00C9BFD3 /* Colors.swift */ = {isa = PBXFileReference; lastKnownFileType = sourcecode.swift; path = Colors.swift; sourceTree = "<group>"; };
		B27F7588271C2F8900C9BFD3 /* DesignSystem.swift */ = {isa = PBXFileReference; lastKnownFileType = sourcecode.swift; path = DesignSystem.swift; sourceTree = "<group>"; };
		B27F758B271C346700C9BFD3 /* TableView+EX.swift */ = {isa = PBXFileReference; lastKnownFileType = sourcecode.swift; path = "TableView+EX.swift"; sourceTree = "<group>"; };
		B27F758E271C34B500C9BFD3 /* HomeTableCell.swift */ = {isa = PBXFileReference; lastKnownFileType = sourcecode.swift; path = HomeTableCell.swift; sourceTree = "<group>"; };
		B27F758F271C34B500C9BFD3 /* HomeTableCell.xib */ = {isa = PBXFileReference; lastKnownFileType = file.xib; path = HomeTableCell.xib; sourceTree = "<group>"; };
		B27F7592271C5ACD00C9BFD3 /* LocationTracker.swift */ = {isa = PBXFileReference; lastKnownFileType = sourcecode.swift; path = LocationTracker.swift; sourceTree = "<group>"; };
		B27F7594271C5B5D00C9BFD3 /* UIApplication+EX.swift */ = {isa = PBXFileReference; lastKnownFileType = sourcecode.swift; path = "UIApplication+EX.swift"; sourceTree = "<group>"; };
		B27F7596271C5B9700C9BFD3 /* UIViewController+EX.swift */ = {isa = PBXFileReference; lastKnownFileType = sourcecode.swift; path = "UIViewController+EX.swift"; sourceTree = "<group>"; };
		B27F7598271C5D9600C9BFD3 /* HomeViewModel.swift */ = {isa = PBXFileReference; lastKnownFileType = sourcecode.swift; path = HomeViewModel.swift; sourceTree = "<group>"; };
		B27F759B271C5DD600C9BFD3 /* HomeApi.swift */ = {isa = PBXFileReference; lastKnownFileType = sourcecode.swift; path = HomeApi.swift; sourceTree = "<group>"; };
		B27F759D271C5ED200C9BFD3 /* NearLocationsResponse.swift.swift */ = {isa = PBXFileReference; lastKnownFileType = sourcecode.swift; path = NearLocationsResponse.swift.swift; sourceTree = "<group>"; };
		B27F759F271C60FC00C9BFD3 /* HomeCellViewModel.swift */ = {isa = PBXFileReference; lastKnownFileType = sourcecode.swift; path = HomeCellViewModel.swift; sourceTree = "<group>"; };
		B2900169272008EC0054EB26 /* Keys.swift */ = {isa = PBXFileReference; lastKnownFileType = sourcecode.swift; path = Keys.swift; sourceTree = "<group>"; };
		B290016B2720332C0054EB26 /* AppUpdateStatus.swift.swift */ = {isa = PBXFileReference; lastKnownFileType = sourcecode.swift; path = AppUpdateStatus.swift.swift; sourceTree = "<group>"; };
		B2BBB35B271B4A8D001F1681 /* NearByPlacesApp.app */ = {isa = PBXFileReference; explicitFileType = wrapper.application; includeInIndex = 0; path = NearByPlacesApp.app; sourceTree = BUILT_PRODUCTS_DIR; };
		B2BBB35E271B4A8D001F1681 /* AppDelegate.swift */ = {isa = PBXFileReference; lastKnownFileType = sourcecode.swift; path = AppDelegate.swift; sourceTree = "<group>"; };
		B2BBB365271B4A8D001F1681 /* Base */ = {isa = PBXFileReference; lastKnownFileType = file.storyboard; name = Base; path = Base.lproj/Main.storyboard; sourceTree = "<group>"; };
		B2BBB367271B4A90001F1681 /* Assets.xcassets */ = {isa = PBXFileReference; lastKnownFileType = folder.assetcatalog; path = Assets.xcassets; sourceTree = "<group>"; };
		B2BBB36A271B4A90001F1681 /* Base */ = {isa = PBXFileReference; lastKnownFileType = file.storyboard; name = Base; path = Base.lproj/LaunchScreen.storyboard; sourceTree = "<group>"; };
		B2BBB36C271B4A90001F1681 /* Info.plist */ = {isa = PBXFileReference; lastKnownFileType = text.plist.xml; path = Info.plist; sourceTree = "<group>"; };
		B2BBB37C271B4C26001F1681 /* HomeViewController.swift */ = {isa = PBXFileReference; lastKnownFileType = sourcecode.swift; path = HomeViewController.swift; sourceTree = "<group>"; };
		B2C0B535271D749F001DF837 /* LoadingIndicator.swift */ = {isa = PBXFileReference; lastKnownFileType = sourcecode.swift; path = LoadingIndicator.swift; sourceTree = "<group>"; };
		B2C0B537271DAC18001DF837 /* UIImageView+EX.swift.swift */ = {isa = PBXFileReference; lastKnownFileType = sourcecode.swift; path = "UIImageView+EX.swift.swift"; sourceTree = "<group>"; };
		B2C0B539271DB7F2001DF837 /* PhotosResponse.swift */ = {isa = PBXFileReference; lastKnownFileType = sourcecode.swift; path = PhotosResponse.swift; sourceTree = "<group>"; };
		C80B35EB64CE3936BB7A61C4 /* Pods_NearByPlacesApp.framework */ = {isa = PBXFileReference; explicitFileType = wrapper.framework; includeInIndex = 0; path = Pods_NearByPlacesApp.framework; sourceTree = BUILT_PRODUCTS_DIR; };
		E5B99CC4BF83972739D935DD /* Pods-NearByPlacesApp.release.xcconfig */ = {isa = PBXFileReference; includeInIndex = 1; lastKnownFileType = text.xcconfig; name = "Pods-NearByPlacesApp.release.xcconfig"; path = "Target Support Files/Pods-NearByPlacesApp/Pods-NearByPlacesApp.release.xcconfig"; sourceTree = "<group>"; };
/* End PBXFileReference section */

/* Begin PBXFrameworksBuildPhase section */
		B2BBB358271B4A8D001F1681 /* Frameworks */ = {
			isa = PBXFrameworksBuildPhase;
			buildActionMask = 2147483647;
			files = (
				EE5E63E6D681777BBAE57EA1 /* Pods_NearByPlacesApp.framework in Frameworks */,
			);
			runOnlyForDeploymentPostprocessing = 0;
		};
/* End PBXFrameworksBuildPhase section */

/* Begin PBXGroup section */
		ABCD8644E703051C976935BC /* Pods */ = {
			isa = PBXGroup;
			children = (
				1C703517A34FA6E1F7701A86 /* Pods-NearByPlacesApp.debug.xcconfig */,
				E5B99CC4BF83972739D935DD /* Pods-NearByPlacesApp.release.xcconfig */,
			);
			path = Pods;
			sourceTree = "<group>";
		};
		AC1584D8E282D56CDB0AB629 /* Frameworks */ = {
			isa = PBXGroup;
			children = (
				C80B35EB64CE3936BB7A61C4 /* Pods_NearByPlacesApp.framework */,
			);
			name = Frameworks;
			sourceTree = "<group>";
		};
		B27B36A5271ECB4F00F6C009 /* Fonts */ = {
			isa = PBXGroup;
			children = (
				B27B36A6271ECB6C00F6C009 /* Font.swift */,
			);
			path = Fonts;
			sourceTree = "<group>";
		};
		B27B36A8271EDAD300F6C009 /* Custom View */ = {
			isa = PBXGroup;
			children = (
				B27B36AD271EDCE800F6C009 /* AlertView.swift */,
				B27B36AE271EDCE800F6C009 /* AlertView.xib */,
			);
			path = "Custom View";
			sourceTree = "<group>";
		};
		B27F758A271C344C00C9BFD3 /* Helper */ = {
			isa = PBXGroup;
			children = (
				B2C0B534271D746B001DF837 /* Extension */,
				B27F7592271C5ACD00C9BFD3 /* LocationTracker.swift */,
				B2C0B535271D749F001DF837 /* LoadingIndicator.swift */,
				B290016B2720332C0054EB26 /* AppUpdateStatus.swift.swift */,
			);
			path = Helper;
			sourceTree = "<group>";
		};
		B27F758D271C349B00C9BFD3 /* Table Cell */ = {
			isa = PBXGroup;
			children = (
				B27F758E271C34B500C9BFD3 /* HomeTableCell.swift */,
				B27F758F271C34B500C9BFD3 /* HomeTableCell.xib */,
			);
			path = "Table Cell";
			sourceTree = "<group>";
		};
		B27F759A271C5DC600C9BFD3 /* APIs */ = {
			isa = PBXGroup;
			children = (
				B27F759B271C5DD600C9BFD3 /* HomeApi.swift */,
				B2900169272008EC0054EB26 /* Keys.swift */,
			);
			path = APIs;
			sourceTree = "<group>";
		};
		B2BBB352271B4A8C001F1681 = {
			isa = PBXGroup;
			children = (
				B2BBB35D271B4A8D001F1681 /* NearByPlacesApp */,
				B2BBB35C271B4A8D001F1681 /* Products */,
				ABCD8644E703051C976935BC /* Pods */,
				AC1584D8E282D56CDB0AB629 /* Frameworks */,
			);
			sourceTree = "<group>";
		};
		B2BBB35C271B4A8D001F1681 /* Products */ = {
			isa = PBXGroup;
			children = (
				B2BBB35B271B4A8D001F1681 /* NearByPlacesApp.app */,
			);
			name = Products;
			sourceTree = "<group>";
		};
		B2BBB35D271B4A8D001F1681 /* NearByPlacesApp */ = {
			isa = PBXGroup;
			children = (
				B2BBB372271B4B12001F1681 /* App */,
				B2BBB374271B4B54001F1681 /* Home  */,
				B2BBB373271B4B2D001F1681 /* Design System */,
				B2BBB37B271B4BE8001F1681 /* NetWork */,
				B2BBB37E271B4C37001F1681 /* Coordinator */,
				B27F758A271C344C00C9BFD3 /* Helper */,
			);
			path = NearByPlacesApp;
			sourceTree = "<group>";
		};
		B2BBB372271B4B12001F1681 /* App */ = {
			isa = PBXGroup;
			children = (
				B2BBB35E271B4A8D001F1681 /* AppDelegate.swift */,
				B2BBB369271B4A90001F1681 /* LaunchScreen.storyboard */,
				B2BBB36C271B4A90001F1681 /* Info.plist */,
			);
			path = App;
			sourceTree = "<group>";
		};
		B2BBB373271B4B2D001F1681 /* Design System */ = {
			isa = PBXGroup;
			children = (
				B27B36A5271ECB4F00F6C009 /* Fonts */,
				B2BBB37A271B4BD5001F1681 /* Colors */,
				B2BBB367271B4A90001F1681 /* Assets.xcassets */,
				B27F7588271C2F8900C9BFD3 /* DesignSystem.swift */,
			);
			path = "Design System";
			sourceTree = "<group>";
		};
		B2BBB374271B4B54001F1681 /* Home  */ = {
			isa = PBXGroup;
			children = (
				B2BBB378271B4B77001F1681 /* View Model */,
				B2BBB377271B4B71001F1681 /* Model */,
				B2BBB376271B4B62001F1681 /* View Controller */,
				B2BBB375271B4B5A001F1681 /* View  */,
			);
			path = "Home ";
			sourceTree = "<group>";
		};
		B2BBB375271B4B5A001F1681 /* View  */ = {
			isa = PBXGroup;
			children = (
				B27B36A8271EDAD300F6C009 /* Custom View */,
				B27F758D271C349B00C9BFD3 /* Table Cell */,
				B2BBB379271B4B89001F1681 /* StoryBoard */,
			);
			path = "View ";
			sourceTree = "<group>";
		};
		B2BBB376271B4B62001F1681 /* View Controller */ = {
			isa = PBXGroup;
			children = (
				B2BBB37C271B4C26001F1681 /* HomeViewController.swift */,
			);
			path = "View Controller";
			sourceTree = "<group>";
		};
		B2BBB377271B4B71001F1681 /* Model */ = {
			isa = PBXGroup;
			children = (
				B27F759D271C5ED200C9BFD3 /* NearLocationsResponse.swift.swift */,
				B2C0B539271DB7F2001DF837 /* PhotosResponse.swift */,
			);
			path = Model;
			sourceTree = "<group>";
		};
		B2BBB378271B4B77001F1681 /* View Model */ = {
			isa = PBXGroup;
			children = (
				B27F7598271C5D9600C9BFD3 /* HomeViewModel.swift */,
				B27F759F271C60FC00C9BFD3 /* HomeCellViewModel.swift */,
			);
			path = "View Model";
			sourceTree = "<group>";
		};
		B2BBB379271B4B89001F1681 /* StoryBoard */ = {
			isa = PBXGroup;
			children = (
				B2BBB364271B4A8D001F1681 /* Main.storyboard */,
			);
			path = StoryBoard;
			sourceTree = "<group>";
		};
		B2BBB37A271B4BD5001F1681 /* Colors */ = {
			isa = PBXGroup;
			children = (
				B27F7586271C286A00C9BFD3 /* Colors.swift */,
			);
			path = Colors;
			sourceTree = "<group>";
		};
		B2BBB37B271B4BE8001F1681 /* NetWork */ = {
			isa = PBXGroup;
			children = (
				B27F759A271C5DC600C9BFD3 /* APIs */,
				B25ACF52271C252200A79E89 /* Api.swift */,
				B25ACF58271C25A000A79E89 /* AlamofireRequestExtensions.swift */,
				B25ACF5A271C25BD00A79E89 /* Requestable.swift */,
				B25ACF5C271C25E900A79E89 /* RequestParamters.swift */,
				B25ACF5E271C260D00A79E89 /* ServiceManager.swift */,
			);
			path = NetWork;
			sourceTree = "<group>";
		};
		B2BBB37E271B4C37001F1681 /* Coordinator */ = {
			isa = PBXGroup;
			children = (
				B25ACF4C271C21C500A79E89 /* Coordinator.swift */,
				B25ACF4E271C21FB00A79E89 /* MainCoordinator.swift */,
				B25ACF50271C233B00A79E89 /* StoryboardName.swift */,
			);
			path = Coordinator;
			sourceTree = "<group>";
		};
		B2C0B534271D746B001DF837 /* Extension */ = {
			isa = PBXGroup;
			children = (
				B27F758B271C346700C9BFD3 /* TableView+EX.swift */,
				B27F7594271C5B5D00C9BFD3 /* UIApplication+EX.swift */,
				B27F7596271C5B9700C9BFD3 /* UIViewController+EX.swift */,
				B2C0B537271DAC18001DF837 /* UIImageView+EX.swift.swift */,
				B27B36B1271EDE2200F6C009 /* UIView+EX.swift */,
			);
			path = Extension;
			sourceTree = "<group>";
		};
/* End PBXGroup section */

/* Begin PBXNativeTarget section */
		B2BBB35A271B4A8D001F1681 /* NearByPlacesApp */ = {
			isa = PBXNativeTarget;
			buildConfigurationList = B2BBB36F271B4A90001F1681 /* Build configuration list for PBXNativeTarget "NearByPlacesApp" */;
			buildPhases = (
				D5B717E8DAE59FB2685DABDA /* [CP] Check Pods Manifest.lock */,
				B2BBB357271B4A8D001F1681 /* Sources */,
				B2BBB358271B4A8D001F1681 /* Frameworks */,
				B2BBB359271B4A8D001F1681 /* Resources */,
				430BE7F1CA7272A4E4CD6BC7 /* [CP] Embed Pods Frameworks */,
			);
			buildRules = (
			);
			dependencies = (
			);
			name = NearByPlacesApp;
			productName = NearByPlacesApp;
			productReference = B2BBB35B271B4A8D001F1681 /* NearByPlacesApp.app */;
			productType = "com.apple.product-type.application";
		};
/* End PBXNativeTarget section */

/* Begin PBXProject section */
		B2BBB353271B4A8C001F1681 /* Project object */ = {
			isa = PBXProject;
			attributes = {
				BuildIndependentTargetsInParallel = 1;
				LastSwiftUpdateCheck = 1300;
				LastUpgradeCheck = 1300;
				TargetAttributes = {
					B2BBB35A271B4A8D001F1681 = {
						CreatedOnToolsVersion = 13.0;
					};
				};
			};
			buildConfigurationList = B2BBB356271B4A8C001F1681 /* Build configuration list for PBXProject "NearByPlacesApp" */;
			compatibilityVersion = "Xcode 13.0";
			developmentRegion = en;
			hasScannedForEncodings = 0;
			knownRegions = (
				en,
				Base,
			);
			mainGroup = B2BBB352271B4A8C001F1681;
			productRefGroup = B2BBB35C271B4A8D001F1681 /* Products */;
			projectDirPath = "";
			projectRoot = "";
			targets = (
				B2BBB35A271B4A8D001F1681 /* NearByPlacesApp */,
			);
		};
/* End PBXProject section */

/* Begin PBXResourcesBuildPhase section */
		B2BBB359271B4A8D001F1681 /* Resources */ = {
			isa = PBXResourcesBuildPhase;
			buildActionMask = 2147483647;
			files = (
				B2BBB36B271B4A90001F1681 /* LaunchScreen.storyboard in Resources */,
				B27B36B0271EDCE800F6C009 /* AlertView.xib in Resources */,
				B2BBB368271B4A90001F1681 /* Assets.xcassets in Resources */,
				B2BBB366271B4A8D001F1681 /* Main.storyboard in Resources */,
				B27F7591271C34B500C9BFD3 /* HomeTableCell.xib in Resources */,
			);
			runOnlyForDeploymentPostprocessing = 0;
		};
/* End PBXResourcesBuildPhase section */

/* Begin PBXShellScriptBuildPhase section */
		430BE7F1CA7272A4E4CD6BC7 /* [CP] Embed Pods Frameworks */ = {
			isa = PBXShellScriptBuildPhase;
			buildActionMask = 2147483647;
			files = (
			);
			inputFileListPaths = (
				"${PODS_ROOT}/Target Support Files/Pods-NearByPlacesApp/Pods-NearByPlacesApp-frameworks-${CONFIGURATION}-input-files.xcfilelist",
			);
			name = "[CP] Embed Pods Frameworks";
			outputFileListPaths = (
				"${PODS_ROOT}/Target Support Files/Pods-NearByPlacesApp/Pods-NearByPlacesApp-frameworks-${CONFIGURATION}-output-files.xcfilelist",
			);
			runOnlyForDeploymentPostprocessing = 0;
			shellPath = /bin/sh;
			shellScript = "\"${PODS_ROOT}/Target Support Files/Pods-NearByPlacesApp/Pods-NearByPlacesApp-frameworks.sh\"\n";
			showEnvVarsInLog = 0;
		};
		D5B717E8DAE59FB2685DABDA /* [CP] Check Pods Manifest.lock */ = {
			isa = PBXShellScriptBuildPhase;
			buildActionMask = 2147483647;
			files = (
			);
			inputFileListPaths = (
			);
			inputPaths = (
				"${PODS_PODFILE_DIR_PATH}/Podfile.lock",
				"${PODS_ROOT}/Manifest.lock",
			);
			name = "[CP] Check Pods Manifest.lock";
			outputFileListPaths = (
			);
			outputPaths = (
				"$(DERIVED_FILE_DIR)/Pods-NearByPlacesApp-checkManifestLockResult.txt",
			);
			runOnlyForDeploymentPostprocessing = 0;
			shellPath = /bin/sh;
			shellScript = "diff \"${PODS_PODFILE_DIR_PATH}/Podfile.lock\" \"${PODS_ROOT}/Manifest.lock\" > /dev/null\nif [ $? != 0 ] ; then\n    # print error to STDERR\n    echo \"error: The sandbox is not in sync with the Podfile.lock. Run 'pod install' or update your CocoaPods installation.\" >&2\n    exit 1\nfi\n# This output is used by Xcode 'outputs' to avoid re-running this script phase.\necho \"SUCCESS\" > \"${SCRIPT_OUTPUT_FILE_0}\"\n";
			showEnvVarsInLog = 0;
		};
/* End PBXShellScriptBuildPhase section */

/* Begin PBXSourcesBuildPhase section */
		B2BBB357271B4A8D001F1681 /* Sources */ = {
			isa = PBXSourcesBuildPhase;
			buildActionMask = 2147483647;
			files = (
				B2C0B538271DAC18001DF837 /* UIImageView+EX.swift.swift in Sources */,
				B25ACF5D271C25E900A79E89 /* RequestParamters.swift in Sources */,
				B27F7599271C5D9600C9BFD3 /* HomeViewModel.swift in Sources */,
				B25ACF53271C252200A79E89 /* Api.swift in Sources */,
				B27F7597271C5B9700C9BFD3 /* UIViewController+EX.swift in Sources */,
				B27F758C271C346700C9BFD3 /* TableView+EX.swift in Sources */,
				B27F7589271C2F8900C9BFD3 /* DesignSystem.swift in Sources */,
				B2C0B53A271DB7F2001DF837 /* PhotosResponse.swift in Sources */,
				B25ACF59271C25A000A79E89 /* AlamofireRequestExtensions.swift in Sources */,
				B27B36AF271EDCE800F6C009 /* AlertView.swift in Sources */,
				B2BBB35F271B4A8D001F1681 /* AppDelegate.swift in Sources */,
				B27F75A0271C60FC00C9BFD3 /* HomeCellViewModel.swift in Sources */,
				B25ACF5B271C25BD00A79E89 /* Requestable.swift in Sources */,
				B2C0B536271D749F001DF837 /* LoadingIndicator.swift in Sources */,
				B27F7593271C5ACD00C9BFD3 /* LocationTracker.swift in Sources */,
				B27F759E271C5ED200C9BFD3 /* NearLocationsResponse.swift.swift in Sources */,
				B25ACF51271C233B00A79E89 /* StoryboardName.swift in Sources */,
				B290016C2720332C0054EB26 /* AppUpdateStatus.swift.swift in Sources */,
				B27F7587271C286A00C9BFD3 /* Colors.swift in Sources */,
				B25ACF4F271C21FB00A79E89 /* MainCoordinator.swift in Sources */,
				B27F7595271C5B5D00C9BFD3 /* UIApplication+EX.swift in Sources */,
				B2BBB37D271B4C26001F1681 /* HomeViewController.swift in Sources */,
				B25ACF4D271C21C500A79E89 /* Coordinator.swift in Sources */,
				B27B36A7271ECB6C00F6C009 /* Font.swift in Sources */,
				B25ACF5F271C260D00A79E89 /* ServiceManager.swift in Sources */,
				B27F7590271C34B500C9BFD3 /* HomeTableCell.swift in Sources */,
				B290016A272008EC0054EB26 /* Keys.swift in Sources */,
				B27F759C271C5DD600C9BFD3 /* HomeApi.swift in Sources */,
				B27B36B2271EDE2200F6C009 /* UIView+EX.swift in Sources */,
			);
			runOnlyForDeploymentPostprocessing = 0;
		};
/* End PBXSourcesBuildPhase section */

/* Begin PBXVariantGroup section */
		B2BBB364271B4A8D001F1681 /* Main.storyboard */ = {
			isa = PBXVariantGroup;
			children = (
				B2BBB365271B4A8D001F1681 /* Base */,
			);
			name = Main.storyboard;
			sourceTree = "<group>";
		};
		B2BBB369271B4A90001F1681 /* LaunchScreen.storyboard */ = {
			isa = PBXVariantGroup;
			children = (
				B2BBB36A271B4A90001F1681 /* Base */,
			);
			name = LaunchScreen.storyboard;
			sourceTree = "<group>";
		};
/* End PBXVariantGroup section */

/* Begin XCBuildConfiguration section */
		B2BBB36D271B4A90001F1681 /* Debug */ = {
			isa = XCBuildConfiguration;
			buildSettings = {
				ALWAYS_SEARCH_USER_PATHS = NO;
				CLANG_ANALYZER_NONNULL = YES;
				CLANG_ANALYZER_NUMBER_OBJECT_CONVERSION = YES_AGGRESSIVE;
				CLANG_CXX_LANGUAGE_STANDARD = "gnu++17";
				CLANG_CXX_LIBRARY = "libc++";
				CLANG_ENABLE_MODULES = YES;
				CLANG_ENABLE_OBJC_ARC = YES;
				CLANG_ENABLE_OBJC_WEAK = YES;
				CLANG_WARN_BLOCK_CAPTURE_AUTORELEASING = YES;
				CLANG_WARN_BOOL_CONVERSION = YES;
				CLANG_WARN_COMMA = YES;
				CLANG_WARN_CONSTANT_CONVERSION = YES;
				CLANG_WARN_DEPRECATED_OBJC_IMPLEMENTATIONS = YES;
				CLANG_WARN_DIRECT_OBJC_ISA_USAGE = YES_ERROR;
				CLANG_WARN_DOCUMENTATION_COMMENTS = YES;
				CLANG_WARN_EMPTY_BODY = YES;
				CLANG_WARN_ENUM_CONVERSION = YES;
				CLANG_WARN_INFINITE_RECURSION = YES;
				CLANG_WARN_INT_CONVERSION = YES;
				CLANG_WARN_NON_LITERAL_NULL_CONVERSION = YES;
				CLANG_WARN_OBJC_IMPLICIT_RETAIN_SELF = YES;
				CLANG_WARN_OBJC_LITERAL_CONVERSION = YES;
				CLANG_WARN_OBJC_ROOT_CLASS = YES_ERROR;
				CLANG_WARN_QUOTED_INCLUDE_IN_FRAMEWORK_HEADER = YES;
				CLANG_WARN_RANGE_LOOP_ANALYSIS = YES;
				CLANG_WARN_STRICT_PROTOTYPES = YES;
				CLANG_WARN_SUSPICIOUS_MOVE = YES;
				CLANG_WARN_UNGUARDED_AVAILABILITY = YES_AGGRESSIVE;
				CLANG_WARN_UNREACHABLE_CODE = YES;
				CLANG_WARN__DUPLICATE_METHOD_MATCH = YES;
				COPY_PHASE_STRIP = NO;
				DEBUG_INFORMATION_FORMAT = dwarf;
				ENABLE_STRICT_OBJC_MSGSEND = YES;
				ENABLE_TESTABILITY = YES;
				GCC_C_LANGUAGE_STANDARD = gnu11;
				GCC_DYNAMIC_NO_PIC = NO;
				GCC_NO_COMMON_BLOCKS = YES;
				GCC_OPTIMIZATION_LEVEL = 0;
				GCC_PREPROCESSOR_DEFINITIONS = (
					"DEBUG=1",
					"$(inherited)",
				);
				GCC_WARN_64_TO_32_BIT_CONVERSION = YES;
				GCC_WARN_ABOUT_RETURN_TYPE = YES_ERROR;
				GCC_WARN_UNDECLARED_SELECTOR = YES;
				GCC_WARN_UNINITIALIZED_AUTOS = YES_AGGRESSIVE;
				GCC_WARN_UNUSED_FUNCTION = YES;
				GCC_WARN_UNUSED_VARIABLE = YES;
				IPHONEOS_DEPLOYMENT_TARGET = 15.0;
				MTL_ENABLE_DEBUG_INFO = INCLUDE_SOURCE;
				MTL_FAST_MATH = YES;
				ONLY_ACTIVE_ARCH = YES;
				SDKROOT = iphoneos;
				SWIFT_ACTIVE_COMPILATION_CONDITIONS = DEBUG;
				SWIFT_OPTIMIZATION_LEVEL = "-Onone";
			};
			name = Debug;
		};
		B2BBB36E271B4A90001F1681 /* Release */ = {
			isa = XCBuildConfiguration;
			buildSettings = {
				ALWAYS_SEARCH_USER_PATHS = NO;
				CLANG_ANALYZER_NONNULL = YES;
				CLANG_ANALYZER_NUMBER_OBJECT_CONVERSION = YES_AGGRESSIVE;
				CLANG_CXX_LANGUAGE_STANDARD = "gnu++17";
				CLANG_CXX_LIBRARY = "libc++";
				CLANG_ENABLE_MODULES = YES;
				CLANG_ENABLE_OBJC_ARC = YES;
				CLANG_ENABLE_OBJC_WEAK = YES;
				CLANG_WARN_BLOCK_CAPTURE_AUTORELEASING = YES;
				CLANG_WARN_BOOL_CONVERSION = YES;
				CLANG_WARN_COMMA = YES;
				CLANG_WARN_CONSTANT_CONVERSION = YES;
				CLANG_WARN_DEPRECATED_OBJC_IMPLEMENTATIONS = YES;
				CLANG_WARN_DIRECT_OBJC_ISA_USAGE = YES_ERROR;
				CLANG_WARN_DOCUMENTATION_COMMENTS = YES;
				CLANG_WARN_EMPTY_BODY = YES;
				CLANG_WARN_ENUM_CONVERSION = YES;
				CLANG_WARN_INFINITE_RECURSION = YES;
				CLANG_WARN_INT_CONVERSION = YES;
				CLANG_WARN_NON_LITERAL_NULL_CONVERSION = YES;
				CLANG_WARN_OBJC_IMPLICIT_RETAIN_SELF = YES;
				CLANG_WARN_OBJC_LITERAL_CONVERSION = YES;
				CLANG_WARN_OBJC_ROOT_CLASS = YES_ERROR;
				CLANG_WARN_QUOTED_INCLUDE_IN_FRAMEWORK_HEADER = YES;
				CLANG_WARN_RANGE_LOOP_ANALYSIS = YES;
				CLANG_WARN_STRICT_PROTOTYPES = YES;
				CLANG_WARN_SUSPICIOUS_MOVE = YES;
				CLANG_WARN_UNGUARDED_AVAILABILITY = YES_AGGRESSIVE;
				CLANG_WARN_UNREACHABLE_CODE = YES;
				CLANG_WARN__DUPLICATE_METHOD_MATCH = YES;
				COPY_PHASE_STRIP = NO;
				DEBUG_INFORMATION_FORMAT = "dwarf-with-dsym";
				ENABLE_NS_ASSERTIONS = NO;
				ENABLE_STRICT_OBJC_MSGSEND = YES;
				GCC_C_LANGUAGE_STANDARD = gnu11;
				GCC_NO_COMMON_BLOCKS = YES;
				GCC_WARN_64_TO_32_BIT_CONVERSION = YES;
				GCC_WARN_ABOUT_RETURN_TYPE = YES_ERROR;
				GCC_WARN_UNDECLARED_SELECTOR = YES;
				GCC_WARN_UNINITIALIZED_AUTOS = YES_AGGRESSIVE;
				GCC_WARN_UNUSED_FUNCTION = YES;
				GCC_WARN_UNUSED_VARIABLE = YES;
				IPHONEOS_DEPLOYMENT_TARGET = 15.0;
				MTL_ENABLE_DEBUG_INFO = NO;
				MTL_FAST_MATH = YES;
				SDKROOT = iphoneos;
				SWIFT_COMPILATION_MODE = wholemodule;
				SWIFT_OPTIMIZATION_LEVEL = "-O";
				VALIDATE_PRODUCT = YES;
			};
			name = Release;
		};
		B2BBB370271B4A90001F1681 /* Debug */ = {
			isa = XCBuildConfiguration;
			baseConfigurationReference = 1C703517A34FA6E1F7701A86 /* Pods-NearByPlacesApp.debug.xcconfig */;
			buildSettings = {
				ASSETCATALOG_COMPILER_APPICON_NAME = AppIcon;
				ASSETCATALOG_COMPILER_GLOBAL_ACCENT_COLOR_NAME = AccentColor;
				CODE_SIGN_STYLE = Automatic;
				CURRENT_PROJECT_VERSION = 1;
				DEVELOPMENT_TEAM = TMMS5YCBY3;
				GENERATE_INFOPLIST_FILE = YES;
				INFOPLIST_FILE = NearByPlacesApp/App/Info.plist;
				INFOPLIST_KEY_UIApplicationSupportsIndirectInputEvents = YES;
				INFOPLIST_KEY_UILaunchStoryboardName = LaunchScreen;
				INFOPLIST_KEY_UISupportedInterfaceOrientations_iPad = "UIInterfaceOrientationPortrait UIInterfaceOrientationPortraitUpsideDown UIInterfaceOrientationLandscapeLeft UIInterfaceOrientationLandscapeRight";
				INFOPLIST_KEY_UISupportedInterfaceOrientations_iPhone = "UIInterfaceOrientationPortrait UIInterfaceOrientationLandscapeLeft UIInterfaceOrientationLandscapeRight";
				IPHONEOS_DEPLOYMENT_TARGET = 11.0;
				LD_RUNPATH_SEARCH_PATHS = (
					"$(inherited)",
					"@executable_path/Frameworks",
				);
				MARKETING_VERSION = 1.0;
				PRODUCT_BUNDLE_IDENTIFIER = Millensys.NearByPlacesApp;
				PRODUCT_NAME = "$(TARGET_NAME)";
				SWIFT_EMIT_LOC_STRINGS = YES;
				SWIFT_VERSION = 5.0;
				TARGETED_DEVICE_FAMILY = "1,2";
			};
			name = Debug;
		};
		B2BBB371271B4A90001F1681 /* Release */ = {
			isa = XCBuildConfiguration;
			baseConfigurationReference = E5B99CC4BF83972739D935DD /* Pods-NearByPlacesApp.release.xcconfig */;
			buildSettings = {
				ASSETCATALOG_COMPILER_APPICON_NAME = AppIcon;
				ASSETCATALOG_COMPILER_GLOBAL_ACCENT_COLOR_NAME = AccentColor;
				CODE_SIGN_STYLE = Automatic;
				CURRENT_PROJECT_VERSION = 1;
				DEVELOPMENT_TEAM = TMMS5YCBY3;
				GENERATE_INFOPLIST_FILE = YES;
				INFOPLIST_FILE = NearByPlacesApp/App/Info.plist;
				INFOPLIST_KEY_UIApplicationSupportsIndirectInputEvents = YES;
				INFOPLIST_KEY_UILaunchStoryboardName = LaunchScreen;
				INFOPLIST_KEY_UISupportedInterfaceOrientations_iPad = "UIInterfaceOrientationPortrait UIInterfaceOrientationPortraitUpsideDown UIInterfaceOrientationLandscapeLeft UIInterfaceOrientationLandscapeRight";
				INFOPLIST_KEY_UISupportedInterfaceOrientations_iPhone = "UIInterfaceOrientationPortrait UIInterfaceOrientationLandscapeLeft UIInterfaceOrientationLandscapeRight";
				IPHONEOS_DEPLOYMENT_TARGET = 11.0;
				LD_RUNPATH_SEARCH_PATHS = (
					"$(inherited)",
					"@executable_path/Frameworks",
				);
				MARKETING_VERSION = 1.0;
				PRODUCT_BUNDLE_IDENTIFIER = Millensys.NearByPlacesApp;
				PRODUCT_NAME = "$(TARGET_NAME)";
				SWIFT_EMIT_LOC_STRINGS = YES;
				SWIFT_VERSION = 5.0;
				TARGETED_DEVICE_FAMILY = "1,2";
			};
			name = Release;
		};
/* End XCBuildConfiguration section */

/* Begin XCConfigurationList section */
		B2BBB356271B4A8C001F1681 /* Build configuration list for PBXProject "NearByPlacesApp" */ = {
			isa = XCConfigurationList;
			buildConfigurations = (
				B2BBB36D271B4A90001F1681 /* Debug */,
				B2BBB36E271B4A90001F1681 /* Release */,
			);
			defaultConfigurationIsVisible = 0;
			defaultConfigurationName = Release;
		};
		B2BBB36F271B4A90001F1681 /* Build configuration list for PBXNativeTarget "NearByPlacesApp" */ = {
			isa = XCConfigurationList;
			buildConfigurations = (
				B2BBB370271B4A90001F1681 /* Debug */,
				B2BBB371271B4A90001F1681 /* Release */,
			);
			defaultConfigurationIsVisible = 0;
			defaultConfigurationName = Release;
		};
/* End XCConfigurationList section */
	};
	rootObject = B2BBB353271B4A8C001F1681 /* Project object */;
}
